Microsoft Visual Studio Solution File, Format Version 12.00
# Visual Studio Version 16
VisualStudioVersion = 16.0.29411.138
MinimumVisualStudioVersion = 10.0.40219.1
Project("{FAE04EC0-301F-11D3-BF4B-00C04F79EFBC}") = "TipCalculator.iOS", "TipCalculator.iOS\TipCalculator.iOS.csproj", "{B0633E21-09C0-4023-A482-769DFBDEA6F9}"
EndProject
Project("{FAE04EC0-301F-11D3-BF4B-00C04F79EFBC}") = "TipCalculator.Android", "TipCalculator.Android\TipCalculator.Android.csproj", "{8C08B886-47E3-4FEE-99DC-09EEA7ACFD96}"
EndProject
Project("{FAE04EC0-301F-11D3-BF4B-00C04F79EFBC}") = "TipCalculator.Core", "TipCalculator.Core\TipCalculator.Core.csproj", "{FA1D2118-0413-4968-A024-4B4FE88F26EF}"
EndProject
Global
	GlobalSection(SolutionConfigurationPlatforms) = preSolution
		Debug|Any CPU = Debug|Any CPU
		Debug|iPhone = Debug|iPhone
		Debug|iPhoneSimulator = Debug|iPhoneSimulator
		Release|Any CPU = Release|Any CPU
		Release|iPhone = Release|iPhone
		Release|iPhoneSimulator = Release|iPhoneSimulator
	EndGlobalSection
	GlobalSection(ProjectConfigurationPlatforms) = postSolution
		{B0633E21-09C0-4023-A482-769DFBDEA6F9}.Debug|Any CPU.ActiveCfg = Debug|iPhoneSimulator
		{B0633E21-09C0-4023-A482-769DFBDEA6F9}.Debug|iPhone.ActiveCfg = Debug|iPhone
		{B0633E21-09C0-4023-A482-769DFBDEA6F9}.Debug|iPhone.Build.0 = Debug|iPhone
		{B0633E21-09C0-4023-A482-769DFBDEA6F9}.Debug|iPhoneSimulator.ActiveCfg = Debug|iPhoneSimulator
		{B0633E21-09C0-4023-A482-769DFBDEA6F9}.Debug|iPhoneSimulator.Build.0 = Debug|iPhoneSimulator
		{B0633E21-09C0-4023-A482-769DFBDEA6F9}.Release|Any CPU.ActiveCfg = Release|iPhoneSimulator
		{B0633E21-09C0-4023-A482-769DFBDEA6F9}.Release|iPhone.ActiveCfg = Release|iPhone
		{B0633E21-09C0-4023-A482-769DFBDEA6F9}.Release|iPhone.Build.0 = Release|iPhone
		{B0633E21-09C0-4023-A482-769DFBDEA6F9}.Release|iPhoneSimulator.ActiveCfg = Release|iPhoneSimulator
		{B0633E21-09C0-4023-A482-769DFBDEA6F9}.Release|iPhoneSimulator.Build.0 = Release|iPhoneSimulator
		{8C08B886-47E3-4FEE-99DC-09EEA7ACFD96}.Debug|Any CPU.ActiveCfg = Debug|Any CPU
		{8C08B886-47E3-4FEE-99DC-09EEA7ACFD96}.Debug|Any CPU.Build.0 = Debug|Any CPU
		{8C08B886-47E3-4FEE-99DC-09EEA7ACFD96}.Debug|Any CPU.Deploy.0 = Debug|Any CPU
		{8C08B886-47E3-4FEE-99DC-09EEA7ACFD96}.Debug|iPhone.ActiveCfg = Debug|Any CPU
		{8C08B886-47E3-4FEE-99DC-09EEA7ACFD96}.Debug|iPhone.Build.0 = Debug|Any CPU
		{8C08B886-47E3-4FEE-99DC-09EEA7ACFD96}.Debug|iPhone.Deploy.0 = Debug|Any CPU
		{8C08B886-47E3-4FEE-99DC-09EEA7ACFD96}.Debug|iPhoneSimulator.ActiveCfg = Debug|Any CPU
		{8C08B886-47E3-4FEE-99DC-09EEA7ACFD96}.Debug|iPhoneSimulator.Build.0 = Debug|Any CPU
		{8C08B886-47E3-4FEE-99DC-09EEA7ACFD96}.Debug|iPhoneSimulator.Deploy.0 = Debug|Any CPU
		{8C08B886-47E3-4FEE-99DC-09EEA7ACFD96}.Release|Any CPU.ActiveCfg = Release|Any CPU
		{8C08B886-47E3-4FEE-99DC-09EEA7ACFD96}.Release|Any CPU.Build.0 = Release|Any CPU
		{8C08B886-47E3-4FEE-99DC-09EEA7ACFD96}.Release|Any CPU.Deploy.0 = Release|Any CPU
		{8C08B886-47E3-4FEE-99DC-09EEA7ACFD96}.Release|iPhone.ActiveCfg = Release|Any CPU
		{8C08B886-47E3-4FEE-99DC-09EEA7ACFD96}.Release|iPhone.Build.0 = Release|Any CPU
		{8C08B886-47E3-4FEE-99DC-09EEA7ACFD96}.Release|iPhone.Deploy.0 = Release|Any CPU
		{8C08B886-47E3-4FEE-99DC-09EEA7ACFD96}.Release|iPhoneSimulator.ActiveCfg = Release|Any CPU
		{8C08B886-47E3-4FEE-99DC-09EEA7ACFD96}.Release|iPhoneSimulator.Build.0 = Release|Any CPU
		{8C08B886-47E3-4FEE-99DC-09EEA7ACFD96}.Release|iPhoneSimulator.Deploy.0 = Release|Any CPU
		{FA1D2118-0413-4968-A024-4B4FE88F26EF}.Debug|Any CPU.ActiveCfg = Debug|Any CPU
		{FA1D2118-0413-4968-A024-4B4FE88F26EF}.Debug|Any CPU.Build.0 = Debug|Any CPU
		{FA1D2118-0413-4968-A024-4B4FE88F26EF}.Debug|iPhone.ActiveCfg = Debug|Any CPU
		{FA1D2118-0413-4968-A024-4B4FE88F26EF}.Debug|iPhone.Build.0 = Debug|Any CPU
		{FA1D2118-0413-4968-A024-4B4FE88F26EF}.Debug|iPhoneSimulator.ActiveCfg = Debug|Any CPU
		{FA1D2118-0413-4968-A024-4B4FE88F26EF}.Debug|iPhoneSimulator.Build.0 = Debug|Any CPU
		{FA1D2118-0413-4968-A024-4B4FE88F26EF}.Release|Any CPU.ActiveCfg = Release|Any CPU
		{FA1D2118-0413-4968-A024-4B4FE88F26EF}.Release|Any CPU.Build.0 = Release|Any CPU
		{FA1D2118-0413-4968-A024-4B4FE88F26EF}.Release|iPhone.ActiveCfg = Release|Any CPU
		{FA1D2118-0413-4968-A024-4B4FE88F26EF}.Release|iPhone.Build.0 = Release|Any CPU
		{FA1D2118-0413-4968-A024-4B4FE88F26EF}.Release|iPhoneSimulator.ActiveCfg = Release|Any CPU
		{FA1D2118-0413-4968-A024-4B4FE88F26EF}.Release|iPhoneSimulator.Build.0 = Release|Any CPU
	EndGlobalSection
	GlobalSection(SolutionProperties) = preSolution
		HideSolutionNode = FALSE
	EndGlobalSection
	GlobalSection(ExtensibilityGlobals) = postSolution
		SolutionGuid = {55015AD4-AAB8-4579-B599-09F42659AC90}
	EndGlobalSection
EndGlobal
